
Microsoft Visual Studio Solution File, Format Version 12.00
# Visual Studio Version 16
VisualStudioVersion = 16.0.30717.126
MinimumVisualStudioVersion = 10.0.40219.1
Project("{E24C65DC-7377-472B-9ABA-BC803B73C61A}") = "Lab_10", "Lab_10\", "{A66E12F5-5CB7-4426-BC14-52867A1033E5}"
	ProjectSection(WebsiteProperties) = preProject
		TargetFrameworkMoniker = ".NETFramework,Version%3Dv4.7.2"
		Debug.AspNetCompiler.VirtualPath = "/localhost_50922"
		Debug.AspNetCompiler.PhysicalPath = "Lab_10\"
		Debug.AspNetCompiler.TargetPath = "PrecompiledWeb\localhost_50922\"
		Debug.AspNetCompiler.Updateable = "true"
		Debug.AspNetCompiler.ForceOverwrite = "true"
		Debug.AspNetCompiler.FixedNames = "false"
		Debug.AspNetCompiler.Debug = "True"
		Release.AspNetCompiler.VirtualPath = "/localhost_50922"
		Release.AspNetCompiler.PhysicalPath = "Lab_10\"
		Release.AspNetCompiler.TargetPath = "PrecompiledWeb\localhost_50922\"
		Release.AspNetCompiler.Updateable = "true"
		Release.AspNetCompiler.ForceOverwrite = "true"
		Release.AspNetCompiler.FixedNames = "false"
		Release.AspNetCompiler.Debug = "False"
		VWDPort = "50922"
		SlnRelativePath = "Lab_10\"
		DefaultWebSiteLanguage = "Visual Basic"
	EndProjectSection
EndProject
Global
	GlobalSection(SolutionConfigurationPlatforms) = preSolution
		Debug|Any CPU = Debug|Any CPU
	EndGlobalSection
	GlobalSection(ProjectConfigurationPlatforms) = postSolution
		{A66E12F5-5CB7-4426-BC14-52867A1033E5}.Debug|Any CPU.ActiveCfg = Debug|Any CPU
		{A66E12F5-5CB7-4426-BC14-52867A1033E5}.Debug|Any CPU.Build.0 = Debug|Any CPU
	EndGlobalSection
	GlobalSection(SolutionProperties) = preSolution
		HideSolutionNode = FALSE
	EndGlobalSection
	GlobalSection(ExtensibilityGlobals) = postSolution
		SolutionGuid = {DF1128D8-6C52-4B7C-96CD-94D0768CE902}
	EndGlobalSection
EndGlobal
