
Microsoft Visual Studio Solution File, Format Version 12.00
# Visual Studio Version 16
VisualStudioVersion = 16.0.30523.141
MinimumVisualStudioVersion = 10.0.40219.1
Project("{F184B08F-C81C-45F6-A57F-5ABD9991F28F}") = "Homework_02", "Homework_02\Homework_02.vbproj", "{8228E1E8-AAE5-4897-8E38-55C5BBFF2BF2}"
EndProject
Global
	GlobalSection(SolutionConfigurationPlatforms) = preSolution
		Debug|Any CPU = Debug|Any CPU
		Release|Any CPU = Release|Any CPU
	EndGlobalSection
	GlobalSection(ProjectConfigurationPlatforms) = postSolution
		{8228E1E8-AAE5-4897-8E38-55C5BBFF2BF2}.Debug|Any CPU.ActiveCfg = Debug|Any CPU
		{8228E1E8-AAE5-4897-8E38-55C5BBFF2BF2}.Debug|Any CPU.Build.0 = Debug|Any CPU
		{8228E1E8-AAE5-4897-8E38-55C5BBFF2BF2}.Release|Any CPU.ActiveCfg = Release|Any CPU
		{8228E1E8-AAE5-4897-8E38-55C5BBFF2BF2}.Release|Any CPU.Build.0 = Release|Any CPU
	EndGlobalSection
	GlobalSection(SolutionProperties) = preSolution
		HideSolutionNode = FALSE
	EndGlobalSection
	GlobalSection(ExtensibilityGlobals) = postSolution
		SolutionGuid = {9FFCE2E4-EFF3-4D92-AE65-762F520D4E48}
	EndGlobalSection
EndGlobal
