
Microsoft Visual Studio Solution File, Format Version 12.00
# Visual Studio Version 16
VisualStudioVersion = 16.0.30717.126
MinimumVisualStudioVersion = 10.0.40219.1
Project("{E24C65DC-7377-472B-9ABA-BC803B73C61A}") = "Homework_05", "Homework_05\", "{EE563BF6-B06F-491E-8182-E5B4F94CB259}"
	ProjectSection(WebsiteProperties) = preProject
		TargetFrameworkMoniker = ".NETFramework,Version%3Dv4.7.2"
		Debug.AspNetCompiler.VirtualPath = "/localhost_63001"
		Debug.AspNetCompiler.PhysicalPath = "Homework_05\"
		Debug.AspNetCompiler.TargetPath = "PrecompiledWeb\localhost_63001\"
		Debug.AspNetCompiler.Updateable = "true"
		Debug.AspNetCompiler.ForceOverwrite = "true"
		Debug.AspNetCompiler.FixedNames = "false"
		Debug.AspNetCompiler.Debug = "True"
		Release.AspNetCompiler.VirtualPath = "/localhost_63001"
		Release.AspNetCompiler.PhysicalPath = "Homework_05\"
		Release.AspNetCompiler.TargetPath = "PrecompiledWeb\localhost_63001\"
		Release.AspNetCompiler.Updateable = "true"
		Release.AspNetCompiler.ForceOverwrite = "true"
		Release.AspNetCompiler.FixedNames = "false"
		Release.AspNetCompiler.Debug = "False"
		VWDPort = "63001"
		SlnRelativePath = "Homework_05\"
		DefaultWebSiteLanguage = "Visual Basic"
	EndProjectSection
EndProject
Global
	GlobalSection(SolutionConfigurationPlatforms) = preSolution
		Debug|Any CPU = Debug|Any CPU
	EndGlobalSection
	GlobalSection(ProjectConfigurationPlatforms) = postSolution
		{EE563BF6-B06F-491E-8182-E5B4F94CB259}.Debug|Any CPU.ActiveCfg = Debug|Any CPU
		{EE563BF6-B06F-491E-8182-E5B4F94CB259}.Debug|Any CPU.Build.0 = Debug|Any CPU
	EndGlobalSection
	GlobalSection(SolutionProperties) = preSolution
		HideSolutionNode = FALSE
	EndGlobalSection
	GlobalSection(ExtensibilityGlobals) = postSolution
		SolutionGuid = {17A6D6CA-1F00-43AD-B841-BBD5B19E2C3C}
	EndGlobalSection
EndGlobal
